
Microsoft Visual Studio Solution File, Format Version 12.00
# Visual Studio Version 17
VisualStudioVersion = 17.12.35209.166
MinimumVisualStudioVersion = 10.0.40219.1
Project("{FAE04EC0-301F-11D3-BF4B-00C04F79EFBC}") = "KontrolTusk", "KontrolTusk\KontrolTusk.csproj", "{86FFEC00-3091-4E99-8435-E1BD6DA3A7DD}"
EndProject
Global
	GlobalSection(SolutionConfigurationPlatforms) = preSolution
		Debug|Any CPU = Debug|Any CPU
		Release|Any CPU = Release|Any CPU
	EndGlobalSection
	GlobalSection(ProjectConfigurationPlatforms) = postSolution
		{86FFEC00-3091-4E99-8435-E1BD6DA3A7DD}.Debug|Any CPU.ActiveCfg = Debug|Any CPU
		{86FFEC00-3091-4E99-8435-E1BD6DA3A7DD}.Debug|Any CPU.Build.0 = Debug|Any CPU
		{86FFEC00-3091-4E99-8435-E1BD6DA3A7DD}.Release|Any CPU.ActiveCfg = Release|Any CPU
		{86FFEC00-3091-4E99-8435-E1BD6DA3A7DD}.Release|Any CPU.Build.0 = Release|Any CPU
	EndGlobalSection
	GlobalSection(SolutionProperties) = preSolution
		HideSolutionNode = FALSE
	EndGlobalSection
	GlobalSection(ExtensibilityGlobals) = postSolution
		SolutionGuid = {7F7559AF-FD17-4ED7-B023-73872FE148FA}
	EndGlobalSection
EndGlobal
